
Microsoft Visual Studio Solution File, Format Version 12.00
# Visual Studio Version 16
VisualStudioVersion = 16.0.30204.135
MinimumVisualStudioVersion = 10.0.40219.1
Project("{FAE04EC0-301F-11D3-BF4B-00C04F79EFBC}") = "HelloWorldUserEB", "HelloWorldUserEB\HelloWorldUserEB.csproj", "{2EDFBAFC-4152-4D9D-ABB6-B22CC4B14A75}"
EndProject
Project("{FAE04EC0-301F-11D3-BF4B-00C04F79EFBC}") = "Test_HelloWorld", "Test_HelloWorld\Test_HelloWorld.csproj", "{13B1652B-5CC0-40F2-9563-D527B1092BF3}"
EndProject
Global
	GlobalSection(SolutionConfigurationPlatforms) = preSolution
		Debug|Any CPU = Debug|Any CPU
		Release|Any CPU = Release|Any CPU
	EndGlobalSection
	GlobalSection(ProjectConfigurationPlatforms) = postSolution
		{2EDFBAFC-4152-4D9D-ABB6-B22CC4B14A75}.Debug|Any CPU.ActiveCfg = Debug|Any CPU
		{2EDFBAFC-4152-4D9D-ABB6-B22CC4B14A75}.Debug|Any CPU.Build.0 = Debug|Any CPU
		{2EDFBAFC-4152-4D9D-ABB6-B22CC4B14A75}.Release|Any CPU.ActiveCfg = Release|Any CPU
		{2EDFBAFC-4152-4D9D-ABB6-B22CC4B14A75}.Release|Any CPU.Build.0 = Release|Any CPU
		{13B1652B-5CC0-40F2-9563-D527B1092BF3}.Debug|Any CPU.ActiveCfg = Debug|Any CPU
		{13B1652B-5CC0-40F2-9563-D527B1092BF3}.Debug|Any CPU.Build.0 = Debug|Any CPU
		{13B1652B-5CC0-40F2-9563-D527B1092BF3}.Release|Any CPU.ActiveCfg = Release|Any CPU
		{13B1652B-5CC0-40F2-9563-D527B1092BF3}.Release|Any CPU.Build.0 = Release|Any CPU
	EndGlobalSection
	GlobalSection(SolutionProperties) = preSolution
		HideSolutionNode = FALSE
	EndGlobalSection
	GlobalSection(ExtensibilityGlobals) = postSolution
		SolutionGuid = {BF107237-ED23-46E0-A6F0-DF6BC1EA471F}
	EndGlobalSection
EndGlobal
